
Microsoft Visual Studio Solution File, Format Version 12.00
# Visual Studio 15
VisualStudioVersion = 15.0.27428.2002
MinimumVisualStudioVersion = 10.0.40219.1
Project("{FAE04EC0-301F-11D3-BF4B-00C04F79EFBC}") = "DynamicCSharpFundamentals", "DynamicCSharpFundamentals\DynamicCSharpFundamentals.csproj", "{CC73A1AB-B0AF-4800-B173-D79B5C8F9922}"
EndProject
Project("{FAE04EC0-301F-11D3-BF4B-00C04F79EFBC}") = "DynamicAndObjectTypes", "DynamicAndObjectTypes\DynamicAndObjectTypes.csproj", "{94E2D568-EF6A-425E-945F-CDCA0BFB42BD}"
EndProject
Global
	GlobalSection(SolutionConfigurationPlatforms) = preSolution
		Debug|Any CPU = Debug|Any CPU
		Release|Any CPU = Release|Any CPU
	EndGlobalSection
	GlobalSection(ProjectConfigurationPlatforms) = postSolution
		{CC73A1AB-B0AF-4800-B173-D79B5C8F9922}.Debug|Any CPU.ActiveCfg = Debug|Any CPU
		{CC73A1AB-B0AF-4800-B173-D79B5C8F9922}.Debug|Any CPU.Build.0 = Debug|Any CPU
		{CC73A1AB-B0AF-4800-B173-D79B5C8F9922}.Release|Any CPU.ActiveCfg = Release|Any CPU
		{CC73A1AB-B0AF-4800-B173-D79B5C8F9922}.Release|Any CPU.Build.0 = Release|Any CPU
		{94E2D568-EF6A-425E-945F-CDCA0BFB42BD}.Debug|Any CPU.ActiveCfg = Debug|Any CPU
		{94E2D568-EF6A-425E-945F-CDCA0BFB42BD}.Debug|Any CPU.Build.0 = Debug|Any CPU
		{94E2D568-EF6A-425E-945F-CDCA0BFB42BD}.Release|Any CPU.ActiveCfg = Release|Any CPU
		{94E2D568-EF6A-425E-945F-CDCA0BFB42BD}.Release|Any CPU.Build.0 = Release|Any CPU
	EndGlobalSection
	GlobalSection(SolutionProperties) = preSolution
		HideSolutionNode = FALSE
	EndGlobalSection
	GlobalSection(ExtensibilityGlobals) = postSolution
		SolutionGuid = {2856B9C3-ADFF-4E8F-BCCE-CFAFA5146155}
	EndGlobalSection
EndGlobal
